
Microsoft Visual Studio Solution File, Format Version 12.00
# Visual Studio Version 16
VisualStudioVersion = 16.0.30011.22
MinimumVisualStudioVersion = 10.0.40219.1
Project("{FAE04EC0-301F-11D3-BF4B-00C04F79EFBC}") = "UStudyGroup", "UStudyGroup.csproj", "{9BA6FD58-56A7-4BA2-A0D9-89A01A4B29E9}"
EndProject
Global
	GlobalSection(SolutionConfigurationPlatforms) = preSolution
		Debug|Any CPU = Debug|Any CPU
		Release|Any CPU = Release|Any CPU
	EndGlobalSection
	GlobalSection(ProjectConfigurationPlatforms) = postSolution
		{9BA6FD58-56A7-4BA2-A0D9-89A01A4B29E9}.Debug|Any CPU.ActiveCfg = Debug|Any CPU
		{9BA6FD58-56A7-4BA2-A0D9-89A01A4B29E9}.Debug|Any CPU.Build.0 = Debug|Any CPU
		{9BA6FD58-56A7-4BA2-A0D9-89A01A4B29E9}.Release|Any CPU.ActiveCfg = Release|Any CPU
		{9BA6FD58-56A7-4BA2-A0D9-89A01A4B29E9}.Release|Any CPU.Build.0 = Release|Any CPU
	EndGlobalSection
	GlobalSection(SolutionProperties) = preSolution
		HideSolutionNode = FALSE
	EndGlobalSection
	GlobalSection(ExtensibilityGlobals) = postSolution
		SolutionGuid = {19A29C1C-5DB0-4547-A158-1E6129FC30C0}
	EndGlobalSection
EndGlobal
